
Microsoft Visual Studio Solution File, Format Version 12.00
# Visual Studio 15
VisualStudioVersion = 15.0.28307.102
MinimumVisualStudioVersion = 10.0.40219.1
Project("{FAE04EC0-301F-11D3-BF4B-00C04F79EFBC}") = "MyVideosWebApplication", "MyVideosWebApplication\MyVideosWebApplication.csproj", "{6761AA37-8BF1-46EC-99D3-7AE492D3FE2E}"
EndProject
Global
	GlobalSection(SolutionConfigurationPlatforms) = preSolution
		Debug|Any CPU = Debug|Any CPU
		Release|Any CPU = Release|Any CPU
	EndGlobalSection
	GlobalSection(ProjectConfigurationPlatforms) = postSolution
		{6761AA37-8BF1-46EC-99D3-7AE492D3FE2E}.Debug|Any CPU.ActiveCfg = Debug|Any CPU
		{6761AA37-8BF1-46EC-99D3-7AE492D3FE2E}.Debug|Any CPU.Build.0 = Debug|Any CPU
		{6761AA37-8BF1-46EC-99D3-7AE492D3FE2E}.Release|Any CPU.ActiveCfg = Release|Any CPU
		{6761AA37-8BF1-46EC-99D3-7AE492D3FE2E}.Release|Any CPU.Build.0 = Release|Any CPU
	EndGlobalSection
	GlobalSection(SolutionProperties) = preSolution
		HideSolutionNode = FALSE
	EndGlobalSection
	GlobalSection(ExtensibilityGlobals) = postSolution
		SolutionGuid = {ECFC6D00-0CEC-4078-825B-C781DD9EE8D9}
	EndGlobalSection
EndGlobal
